// !$*UTF8*$!
{
	archiveVersion = 1;
	classes = {
	};
	objectVersion = 50;
	objects = {

/* Begin PBXBuildFile section */
		CE68F55B26B874850080DC57 /* AppDelegate.m in Sources */ = {isa = PBXBuildFile; fileRef = CE68F55A26B874850080DC57 /* AppDelegate.m */; };
		CE68F55E26B874850080DC57 /* SceneDelegate.m in Sources */ = {isa = PBXBuildFile; fileRef = CE68F55D26B874850080DC57 /* SceneDelegate.m */; };
		CE68F56126B874850080DC57 /* ViewController.m in Sources */ = {isa = PBXBuildFile; fileRef = CE68F56026B874850080DC57 /* ViewController.m */; };
		CE68F56426B874850080DC57 /* Main.storyboard in Resources */ = {isa = PBXBuildFile; fileRef = CE68F56226B874850080DC57 /* Main.storyboard */; };
		CE68F56626B874880080DC57 /* Assets.xcassets in Resources */ = {isa = PBXBuildFile; fileRef = CE68F56526B874880080DC57 /* Assets.xcassets */; };
		CE68F56926B874880080DC57 /* LaunchScreen.storyboard in Resources */ = {isa = PBXBuildFile; fileRef = CE68F56726B874880080DC57 /* LaunchScreen.storyboard */; };
		CE68F56C26B874880080DC57 /* main.m in Sources */ = {isa = PBXBuildFile; fileRef = CE68F56B26B874880080DC57 /* main.m */; };
		CE99151226B997FD00BBA643 /* Contato.m in Sources */ = {isa = PBXBuildFile; fileRef = CE99151126B997FD00BBA643 /* Contato.m */; };
		CE99151526B9C4FB00BBA643 /* ListaContatosViewController.m in Sources */ = {isa = PBXBuildFile; fileRef = CE99151426B9C4FB00BBA643 /* ListaContatosViewController.m */; };
		CE99151826BA568000BBA643 /* ContatoDao.m in Sources */ = {isa = PBXBuildFile; fileRef = CE99151726BA568000BBA643 /* ContatoDao.m */; };
/* End PBXBuildFile section */

/* Begin PBXFileReference section */
		CE68F55626B874850080DC57 /* OBJ-C AgendaContatos.app */ = {isa = PBXFileReference; explicitFileType = wrapper.application; includeInIndex = 0; path = "OBJ-C AgendaContatos.app"; sourceTree = BUILT_PRODUCTS_DIR; };
		CE68F55926B874850080DC57 /* AppDelegate.h */ = {isa = PBXFileReference; lastKnownFileType = sourcecode.c.h; path = AppDelegate.h; sourceTree = "<group>"; };
		CE68F55A26B874850080DC57 /* AppDelegate.m */ = {isa = PBXFileReference; lastKnownFileType = sourcecode.c.objc; path = AppDelegate.m; sourceTree = "<group>"; };
		CE68F55C26B874850080DC57 /* SceneDelegate.h */ = {isa = PBXFileReference; lastKnownFileType = sourcecode.c.h; path = SceneDelegate.h; sourceTree = "<group>"; };
		CE68F55D26B874850080DC57 /* SceneDelegate.m */ = {isa = PBXFileReference; lastKnownFileType = sourcecode.c.objc; path = SceneDelegate.m; sourceTree = "<group>"; };
		CE68F55F26B874850080DC57 /* ViewController.h */ = {isa = PBXFileReference; lastKnownFileType = sourcecode.c.h; path = ViewController.h; sourceTree = "<group>"; };
		CE68F56026B874850080DC57 /* ViewController.m */ = {isa = PBXFileReference; lastKnownFileType = sourcecode.c.objc; path = ViewController.m; sourceTree = "<group>"; };
		CE68F56326B874850080DC57 /* Base */ = {isa = PBXFileReference; lastKnownFileType = file.storyboard; name = Base; path = Base.lproj/Main.storyboard; sourceTree = "<group>"; };
		CE68F56526B874880080DC57 /* Assets.xcassets */ = {isa = PBXFileReference; lastKnownFileType = folder.assetcatalog; path = Assets.xcassets; sourceTree = "<group>"; };
		CE68F56826B874880080DC57 /* Base */ = {isa = PBXFileReference; lastKnownFileType = file.storyboard; name = Base; path = Base.lproj/LaunchScreen.storyboard; sourceTree = "<group>"; };
		CE68F56A26B874880080DC57 /* Info.plist */ = {isa = PBXFileReference; lastKnownFileType = text.plist.xml; path = Info.plist; sourceTree = "<group>"; };
		CE68F56B26B874880080DC57 /* main.m */ = {isa = PBXFileReference; lastKnownFileType = sourcecode.c.objc; path = main.m; sourceTree = "<group>"; };
		CE99151026B997FD00BBA643 /* Contato.h */ = {isa = PBXFileReference; lastKnownFileType = sourcecode.c.h; path = Contato.h; sourceTree = "<group>"; };
		CE99151126B997FD00BBA643 /* Contato.m */ = {isa = PBXFileReference; lastKnownFileType = sourcecode.c.objc; path = Contato.m; sourceTree = "<group>"; };
		CE99151326B9C4FB00BBA643 /* ListaContatosViewController.h */ = {isa = PBXFileReference; lastKnownFileType = sourcecode.c.h; path = ListaContatosViewController.h; sourceTree = "<group>"; };
		CE99151426B9C4FB00BBA643 /* ListaContatosViewController.m */ = {isa = PBXFileReference; lastKnownFileType = sourcecode.c.objc; path = ListaContatosViewController.m; sourceTree = "<group>"; };
		CE99151626BA567F00BBA643 /* ContatoDao.h */ = {isa = PBXFileReference; lastKnownFileType = sourcecode.c.h; path = ContatoDao.h; sourceTree = "<group>"; };
		CE99151726BA568000BBA643 /* ContatoDao.m */ = {isa = PBXFileReference; lastKnownFileType = sourcecode.c.objc; path = ContatoDao.m; sourceTree = "<group>"; };
/* End PBXFileReference section */

/* Begin PBXFrameworksBuildPhase section */
		CE68F55326B874840080DC57 /* Frameworks */ = {
			isa = PBXFrameworksBuildPhase;
			buildActionMask = 2147483647;
			files = (
			);
			runOnlyForDeploymentPostprocessing = 0;
		};
/* End PBXFrameworksBuildPhase section */

/* Begin PBXGroup section */
		CE68F54D26B874840080DC57 = {
			isa = PBXGroup;
			children = (
				CE68F55826B874850080DC57 /* OBJ-C AgendaContatos */,
				CE68F55726B874850080DC57 /* Products */,
			);
			sourceTree = "<group>";
		};
		CE68F55726B874850080DC57 /* Products */ = {
			isa = PBXGroup;
			children = (
				CE68F55626B874850080DC57 /* OBJ-C AgendaContatos.app */,
			);
			name = Products;
			sourceTree = "<group>";
		};
		CE68F55826B874850080DC57 /* OBJ-C AgendaContatos */ = {
			isa = PBXGroup;
			children = (
				CE68F55926B874850080DC57 /* AppDelegate.h */,
				CE68F55A26B874850080DC57 /* AppDelegate.m */,
				CE68F55C26B874850080DC57 /* SceneDelegate.h */,
				CE68F55D26B874850080DC57 /* SceneDelegate.m */,
				CE68F55F26B874850080DC57 /* ViewController.h */,
				CE68F56026B874850080DC57 /* ViewController.m */,
				CE99151326B9C4FB00BBA643 /* ListaContatosViewController.h */,
				CE99151426B9C4FB00BBA643 /* ListaContatosViewController.m */,
				CE99151626BA567F00BBA643 /* ContatoDao.h */,
				CE99151726BA568000BBA643 /* ContatoDao.m */,
				CE99151026B997FD00BBA643 /* Contato.h */,
				CE99151126B997FD00BBA643 /* Contato.m */,
				CE68F56226B874850080DC57 /* Main.storyboard */,
				CE68F56526B874880080DC57 /* Assets.xcassets */,
				CE68F56726B874880080DC57 /* LaunchScreen.storyboard */,
				CE68F56A26B874880080DC57 /* Info.plist */,
				CE68F56B26B874880080DC57 /* main.m */,
			);
			path = "OBJ-C AgendaContatos";
			sourceTree = "<group>";
		};
/* End PBXGroup section */

/* Begin PBXNativeTarget section */
		CE68F55526B874840080DC57 /* OBJ-C AgendaContatos */ = {
			isa = PBXNativeTarget;
			buildConfigurationList = CE68F56F26B874880080DC57 /* Build configuration list for PBXNativeTarget "OBJ-C AgendaContatos" */;
			buildPhases = (
				CE68F55226B874840080DC57 /* Sources */,
				CE68F55326B874840080DC57 /* Frameworks */,
				CE68F55426B874840080DC57 /* Resources */,
			);
			buildRules = (
			);
			dependencies = (
			);
			name = "OBJ-C AgendaContatos";
			productName = "OBJ-C AgendaContatos";
			productReference = CE68F55626B874850080DC57 /* OBJ-C AgendaContatos.app */;
			productType = "com.apple.product-type.application";
		};
/* End PBXNativeTarget section */

/* Begin PBXProject section */
		CE68F54E26B874840080DC57 /* Project object */ = {
			isa = PBXProject;
			attributes = {
				LastUpgradeCheck = 1250;
				TargetAttributes = {
					CE68F55526B874840080DC57 = {
						CreatedOnToolsVersion = 12.5.1;
					};
				};
			};
			buildConfigurationList = CE68F55126B874840080DC57 /* Build configuration list for PBXProject "OBJ-C AgendaContatos" */;
			compatibilityVersion = "Xcode 9.3";
			developmentRegion = en;
			hasScannedForEncodings = 0;
			knownRegions = (
				en,
				Base,
			);
			mainGroup = CE68F54D26B874840080DC57;
			productRefGroup = CE68F55726B874850080DC57 /* Products */;
			projectDirPath = "";
			projectRoot = "";
			targets = (
				CE68F55526B874840080DC57 /* OBJ-C AgendaContatos */,
			);
		};
/* End PBXProject section */

/* Begin PBXResourcesBuildPhase section */
		CE68F55426B874840080DC57 /* Resources */ = {
			isa = PBXResourcesBuildPhase;
			buildActionMask = 2147483647;
			files = (
				CE68F56926B874880080DC57 /* LaunchScreen.storyboard in Resources */,
				CE68F56626B874880080DC57 /* Assets.xcassets in Resources */,
				CE68F56426B874850080DC57 /* Main.storyboard in Resources */,
			);
			runOnlyForDeploymentPostprocessing = 0;
		};
/* End PBXResourcesBuildPhase section */

/* Begin PBXSourcesBuildPhase section */
		CE68F55226B874840080DC57 /* Sources */ = {
			isa = PBXSourcesBuildPhase;
			buildActionMask = 2147483647;
			files = (
				CE99151826BA568000BBA643 /* ContatoDao.m in Sources */,
				CE99151226B997FD00BBA643 /* Contato.m in Sources */,
				CE99151526B9C4FB00BBA643 /* ListaContatosViewController.m in Sources */,
				CE68F56126B874850080DC57 /* ViewController.m in Sources */,
				CE68F55B26B874850080DC57 /* AppDelegate.m in Sources */,
				CE68F56C26B874880080DC57 /* main.m in Sources */,
				CE68F55E26B874850080DC57 /* SceneDelegate.m in Sources */,
			);
			runOnlyForDeploymentPostprocessing = 0;
		};
/* End PBXSourcesBuildPhase section */

/* Begin PBXVariantGroup section */
		CE68F56226B874850080DC57 /* Main.storyboard */ = {
			isa = PBXVariantGroup;
			children = (
				CE68F56326B874850080DC57 /* Base */,
			);
			name = Main.storyboard;
			sourceTree = "<group>";
		};
		CE68F56726B874880080DC57 /* LaunchScreen.storyboard */ = {
			isa = PBXVariantGroup;
			children = (
				CE68F56826B874880080DC57 /* Base */,
			);
			name = LaunchScreen.storyboard;
			sourceTree = "<group>";
		};
/* End PBXVariantGroup section */

/* Begin XCBuildConfiguration section */
		CE68F56D26B874880080DC57 /* Debug */ = {
			isa = XCBuildConfiguration;
			buildSettings = {
				ALWAYS_SEARCH_USER_PATHS = NO;
				CLANG_ANALYZER_NONNULL = YES;
				CLANG_ANALYZER_NUMBER_OBJECT_CONVERSION = YES_AGGRESSIVE;
				CLANG_CXX_LANGUAGE_STANDARD = "gnu++14";
				CLANG_CXX_LIBRARY = "libc++";
				CLANG_ENABLE_MODULES = YES;
				CLANG_ENABLE_OBJC_ARC = YES;
				CLANG_ENABLE_OBJC_WEAK = YES;
				CLANG_WARN_BLOCK_CAPTURE_AUTORELEASING = YES;
				CLANG_WARN_BOOL_CONVERSION = YES;
				CLANG_WARN_COMMA = YES;
				CLANG_WARN_CONSTANT_CONVERSION = YES;
				CLANG_WARN_DEPRECATED_OBJC_IMPLEMENTATIONS = YES;
				CLANG_WARN_DIRECT_OBJC_ISA_USAGE = YES_ERROR;
				CLANG_WARN_DOCUMENTATION_COMMENTS = YES;
				CLANG_WARN_EMPTY_BODY = YES;
				CLANG_WARN_ENUM_CONVERSION = YES;
				CLANG_WARN_INFINITE_RECURSION = YES;
				CLANG_WARN_INT_CONVERSION = YES;
				CLANG_WARN_NON_LITERAL_NULL_CONVERSION = YES;
				CLANG_WARN_OBJC_IMPLICIT_RETAIN_SELF = YES;
				CLANG_WARN_OBJC_LITERAL_CONVERSION = YES;
				CLANG_WARN_OBJC_ROOT_CLASS = YES_ERROR;
				CLANG_WARN_QUOTED_INCLUDE_IN_FRAMEWORK_HEADER = YES;
				CLANG_WARN_RANGE_LOOP_ANALYSIS = YES;
				CLANG_WARN_STRICT_PROTOTYPES = YES;
				CLANG_WARN_SUSPICIOUS_MOVE = YES;
				CLANG_WARN_UNGUARDED_AVAILABILITY = YES_AGGRESSIVE;
				CLANG_WARN_UNREACHABLE_CODE = YES;
				CLANG_WARN__DUPLICATE_METHOD_MATCH = YES;
				COPY_PHASE_STRIP = NO;
				DEBUG_INFORMATION_FORMAT = dwarf;
				ENABLE_STRICT_OBJC_MSGSEND = YES;
				ENABLE_TESTABILITY = YES;
				GCC_C_LANGUAGE_STANDARD = gnu11;
				GCC_DYNAMIC_NO_PIC = NO;
				GCC_NO_COMMON_BLOCKS = YES;
				GCC_OPTIMIZATION_LEVEL = 0;
				GCC_PREPROCESSOR_DEFINITIONS = (
					"DEBUG=1",
					"$(inherited)",
				);
				GCC_WARN_64_TO_32_BIT_CONVERSION = YES;
				GCC_WARN_ABOUT_RETURN_TYPE = YES_ERROR;
				GCC_WARN_UNDECLARED_SELECTOR = YES;
				GCC_WARN_UNINITIALIZED_AUTOS = YES_AGGRESSIVE;
				GCC_WARN_UNUSED_FUNCTION = YES;
				GCC_WARN_UNUSED_VARIABLE = YES;
				IPHONEOS_DEPLOYMENT_TARGET = 14.5;
				MTL_ENABLE_DEBUG_INFO = INCLUDE_SOURCE;
				MTL_FAST_MATH = YES;
				ONLY_ACTIVE_ARCH = YES;
				SDKROOT = iphoneos;
			};
			name = Debug;
		};
		CE68F56E26B874880080DC57 /* Release */ = {
			isa = XCBuildConfiguration;
			buildSettings = {
				ALWAYS_SEARCH_USER_PATHS = NO;
				CLANG_ANALYZER_NONNULL = YES;
				CLANG_ANALYZER_NUMBER_OBJECT_CONVERSION = YES_AGGRESSIVE;
				CLANG_CXX_LANGUAGE_STANDARD = "gnu++14";
				CLANG_CXX_LIBRARY = "libc++";
				CLANG_ENABLE_MODULES = YES;
				CLANG_ENABLE_OBJC_ARC = YES;
				CLANG_ENABLE_OBJC_WEAK = YES;
				CLANG_WARN_BLOCK_CAPTURE_AUTORELEASING = YES;
				CLANG_WARN_BOOL_CONVERSION = YES;
				CLANG_WARN_COMMA = YES;
				CLANG_WARN_CONSTANT_CONVERSION = YES;
				CLANG_WARN_DEPRECATED_OBJC_IMPLEMENTATIONS = YES;
				CLANG_WARN_DIRECT_OBJC_ISA_USAGE = YES_ERROR;
				CLANG_WARN_DOCUMENTATION_COMMENTS = YES;
				CLANG_WARN_EMPTY_BODY = YES;
				CLANG_WARN_ENUM_CONVERSION = YES;
				CLANG_WARN_INFINITE_RECURSION = YES;
				CLANG_WARN_INT_CONVERSION = YES;
				CLANG_WARN_NON_LITERAL_NULL_CONVERSION = YES;
				CLANG_WARN_OBJC_IMPLICIT_RETAIN_SELF = YES;
				CLANG_WARN_OBJC_LITERAL_CONVERSION = YES;
				CLANG_WARN_OBJC_ROOT_CLASS = YES_ERROR;
				CLANG_WARN_QUOTED_INCLUDE_IN_FRAMEWORK_HEADER = YES;
				CLANG_WARN_RANGE_LOOP_ANALYSIS = YES;
				CLANG_WARN_STRICT_PROTOTYPES = YES;
				CLANG_WARN_SUSPICIOUS_MOVE = YES;
				CLANG_WARN_UNGUARDED_AVAILABILITY = YES_AGGRESSIVE;
				CLANG_WARN_UNREACHABLE_CODE = YES;
				CLANG_WARN__DUPLICATE_METHOD_MATCH = YES;
				COPY_PHASE_STRIP = NO;
				DEBUG_INFORMATION_FORMAT = "dwarf-with-dsym";
				ENABLE_NS_ASSERTIONS = NO;
				ENABLE_STRICT_OBJC_MSGSEND = YES;
				GCC_C_LANGUAGE_STANDARD = gnu11;
				GCC_NO_COMMON_BLOCKS = YES;
				GCC_WARN_64_TO_32_BIT_CONVERSION = YES;
				GCC_WARN_ABOUT_RETURN_TYPE = YES_ERROR;
				GCC_WARN_UNDECLARED_SELECTOR = YES;
				GCC_WARN_UNINITIALIZED_AUTOS = YES_AGGRESSIVE;
				GCC_WARN_UNUSED_FUNCTION = YES;
				GCC_WARN_UNUSED_VARIABLE = YES;
				IPHONEOS_DEPLOYMENT_TARGET = 14.5;
				MTL_ENABLE_DEBUG_INFO = NO;
				MTL_FAST_MATH = YES;
				SDKROOT = iphoneos;
				VALIDATE_PRODUCT = YES;
			};
			name = Release;
		};
		CE68F57026B874880080DC57 /* Debug */ = {
			isa = XCBuildConfiguration;
			buildSettings = {
				ASSETCATALOG_COMPILER_APPICON_NAME = AppIcon;
				ASSETCATALOG_COMPILER_GLOBAL_ACCENT_COLOR_NAME = AccentColor;
				CODE_SIGN_STYLE = Automatic;
				INFOPLIST_FILE = "OBJ-C AgendaContatos/Info.plist";
				LD_RUNPATH_SEARCH_PATHS = (
					"$(inherited)",
					"@executable_path/Frameworks",
				);
				PRODUCT_BUNDLE_IDENTIFIER = "everton.OBJ-C-AgendaContatos";
				PRODUCT_NAME = "$(TARGET_NAME)";
				TARGETED_DEVICE_FAMILY = "1,2";
			};
			name = Debug;
		};
		CE68F57126B874880080DC57 /* Release */ = {
			isa = XCBuildConfiguration;
			buildSettings = {
				ASSETCATALOG_COMPILER_APPICON_NAME = AppIcon;
				ASSETCATALOG_COMPILER_GLOBAL_ACCENT_COLOR_NAME = AccentColor;
				CODE_SIGN_STYLE = Automatic;
				INFOPLIST_FILE = "OBJ-C AgendaContatos/Info.plist";
				LD_RUNPATH_SEARCH_PATHS = (
					"$(inherited)",
					"@executable_path/Frameworks",
				);
				PRODUCT_BUNDLE_IDENTIFIER = "everton.OBJ-C-AgendaContatos";
				PRODUCT_NAME = "$(TARGET_NAME)";
				TARGETED_DEVICE_FAMILY = "1,2";
			};
			name = Release;
		};
/* End XCBuildConfiguration section */

/* Begin XCConfigurationList section */
		CE68F55126B874840080DC57 /* Build configuration list for PBXProject "OBJ-C AgendaContatos" */ = {
			isa = XCConfigurationList;
			buildConfigurations = (
				CE68F56D26B874880080DC57 /* Debug */,
				CE68F56E26B874880080DC57 /* Release */,
			);
			defaultConfigurationIsVisible = 0;
			defaultConfigurationName = Release;
		};
		CE68F56F26B874880080DC57 /* Build configuration list for PBXNativeTarget "OBJ-C AgendaContatos" */ = {
			isa = XCConfigurationList;
			buildConfigurations = (
				CE68F57026B874880080DC57 /* Debug */,
				CE68F57126B874880080DC57 /* Release */,
			);
			defaultConfigurationIsVisible = 0;
			defaultConfigurationName = Release;
		};
/* End XCConfigurationList section */
	};
	rootObject = CE68F54E26B874840080DC57 /* Project object */;
}
